// !$*UTF8*$!
{
	archiveVersion = 1;
	classes = {
	};
	objectVersion = 56;
	objects = {

/* Begin PBXBuildFile section */
		6602F06F29AD7CB0004DFFD2 /* ComponentListView.swift in Sources */ = {isa = PBXBuildFile; fileRef = 6602F06E29AD7CB0004DFFD2 /* ComponentListView.swift */; };
		6602F07129AD7CFD004DFFD2 /* SideBarHeader.swift in Sources */ = {isa = PBXBuildFile; fileRef = 6602F07029AD7CFD004DFFD2 /* SideBarHeader.swift */; };
		6602F07329AD7D39004DFFD2 /* ComponentListItem.swift in Sources */ = {isa = PBXBuildFile; fileRef = 6602F07229AD7D39004DFFD2 /* ComponentListItem.swift */; };
		6602F07529AD9600004DFFD2 /* FrictionInspectorView.swift in Sources */ = {isa = PBXBuildFile; fileRef = 6602F07429AD95FF004DFFD2 /* FrictionInspectorView.swift */; };
		6602F07729AD9653004DFFD2 /* FrictionSceneComponentModel.swift in Sources */ = {isa = PBXBuildFile; fileRef = 6602F07629AD9653004DFFD2 /* FrictionSceneComponentModel.swift */; };
		663348DF299F4E350051C24B /* ArcadeKitApp.swift in Sources */ = {isa = PBXBuildFile; fileRef = 663348DE299F4E350051C24B /* ArcadeKitApp.swift */; };
		663348E1299F4E350051C24B /* GameEditorView.swift in Sources */ = {isa = PBXBuildFile; fileRef = 663348E0299F4E350051C24B /* GameEditorView.swift */; };
		663348E3299F4E360051C24B /* Assets.xcassets in Resources */ = {isa = PBXBuildFile; fileRef = 663348E2299F4E360051C24B /* Assets.xcassets */; };
		663348E7299F4E360051C24B /* Preview Assets.xcassets in Resources */ = {isa = PBXBuildFile; fileRef = 663348E6299F4E360051C24B /* Preview Assets.xcassets */; };
		66341612299F4FC300738FB9 /* OctopusKit in Frameworks */ = {isa = PBXBuildFile; productRef = 66341611299F4FC300738FB9 /* OctopusKit */; };
		663EFC1229A75CE100BE5004 /* ComponentTest.swift in Sources */ = {isa = PBXBuildFile; fileRef = 663EFC1129A75CE100BE5004 /* ComponentTest.swift */; };
		663EFC1529A77F9F00BE5004 /* EmojiNodeSpawnerComponet.swift in Sources */ = {isa = PBXBuildFile; fileRef = 663EFC1429A77F9F00BE5004 /* EmojiNodeSpawnerComponet.swift */; };
		663EFC1729A77FDB00BE5004 /* Entity.swift in Sources */ = {isa = PBXBuildFile; fileRef = 663EFC1629A77FDB00BE5004 /* Entity.swift */; };
		663EFC1929A77FF700BE5004 /* PrimaryPointerEventComponent.swift in Sources */ = {isa = PBXBuildFile; fileRef = 663EFC1829A77FF700BE5004 /* PrimaryPointerEventComponent.swift */; };
		663EFC1B29A7804000BE5004 /* SpriteComponent.swift in Sources */ = {isa = PBXBuildFile; fileRef = 663EFC1A29A7804000BE5004 /* SpriteComponent.swift */; };
		6693388929A616B8005AF692 /* GameScene.swift in Sources */ = {isa = PBXBuildFile; fileRef = 6693388829A616B8005AF692 /* GameScene.swift */; };
		6693388E29A61801005AF692 /* Constants.swift in Sources */ = {isa = PBXBuildFile; fileRef = 6693388D29A61801005AF692 /* Constants.swift */; };
		6693389029A6185C005AF692 /* SceneSetting.swift in Sources */ = {isa = PBXBuildFile; fileRef = 6693388F29A6185C005AF692 /* SceneSetting.swift */; };
		6693389229A6190E005AF692 /* StepperTextFieldView.swift in Sources */ = {isa = PBXBuildFile; fileRef = 6693389129A6190E005AF692 /* StepperTextFieldView.swift */; };
		6693389729A626C9005AF692 /* SwiftUI+Ext.swift in Sources */ = {isa = PBXBuildFile; fileRef = 6693389629A626C9005AF692 /* SwiftUI+Ext.swift */; };
		6693389929A63956005AF692 /* SidebarView.swift in Sources */ = {isa = PBXBuildFile; fileRef = 6693389829A63956005AF692 /* SidebarView.swift */; };
		66B75E7129AC78F700F12976 /* BackgroundColorSchemeSceneComponent.swift in Sources */ = {isa = PBXBuildFile; fileRef = 66B75E7029AC78F700F12976 /* BackgroundColorSchemeSceneComponent.swift */; };
		66B75E7329AC7BCA00F12976 /* GravityInspectorView.swift in Sources */ = {isa = PBXBuildFile; fileRef = 66B75E7229AC7BCA00F12976 /* GravityInspectorView.swift */; };
		66B75E7529AC7C5600F12976 /* GravitySceneComponentModel.swift in Sources */ = {isa = PBXBuildFile; fileRef = 66B75E7429AC7C5600F12976 /* GravitySceneComponentModel.swift */; };
		66BC168B29AAD59800DE7FAE /* PhysicsBodySceneComponentModel.swift in Sources */ = {isa = PBXBuildFile; fileRef = 66BC168A29AAD59800DE7FAE /* PhysicsBodySceneComponentModel.swift */; };
		66BC168E29AB04F300DE7FAE /* PhysicBodyInspectorView.swift in Sources */ = {isa = PBXBuildFile; fileRef = 66BC168D29AB04F300DE7FAE /* PhysicBodyInspectorView.swift */; };
		66DA1D6129AB679C009C082B /* MyScene.sks in Resources */ = {isa = PBXBuildFile; fileRef = 66DA1D6029AB679C009C082B /* MyScene.sks */; };
		66F506BE299F54BB00965422 /* 6B - PlayScene.swift in Sources */ = {isa = PBXBuildFile; fileRef = 66F506A8299F54BB00965422 /* 6B - PlayScene.swift */; };
		66F506BF299F54BB00965422 /* 6A - PlayState.swift in Sources */ = {isa = PBXBuildFile; fileRef = 66F506A9299F54BB00965422 /* 6A - PlayState.swift */; };
		66F506C0299F54BB00965422 /* 6C - PlayUI.swift in Sources */ = {isa = PBXBuildFile; fileRef = 66F506AA299F54BB00965422 /* 6C - PlayUI.swift */; };
		66F506C1299F54BB00965422 /* 7 - PausedState.swift in Sources */ = {isa = PBXBuildFile; fileRef = 66F506AC299F54BB00965422 /* 7 - PausedState.swift */; };
		66F506C2299F54BB00965422 /* 5C - TitleUI.swift in Sources */ = {isa = PBXBuildFile; fileRef = 66F506AE299F54BB00965422 /* 5C - TitleUI.swift */; };
		66F506C3299F54BB00965422 /* 5B - TitleScene.swift in Sources */ = {isa = PBXBuildFile; fileRef = 66F506AF299F54BB00965422 /* 5B - TitleScene.swift */; };
		66F506C4299F54BB00965422 /* 5A - TitleState.swift in Sources */ = {isa = PBXBuildFile; fileRef = 66F506B0299F54BB00965422 /* 5A - TitleState.swift */; };
		66F506C5299F54BB00965422 /* 4 - LogoState.swift in Sources */ = {isa = PBXBuildFile; fileRef = 66F506B2299F54BB00965422 /* 4 - LogoState.swift */; };
		66F506C6299F54BB00965422 /* 8 - GameOverState.swift in Sources */ = {isa = PBXBuildFile; fileRef = 66F506B4299F54BB00965422 /* 8 - GameOverState.swift */; };
		66F506C7299F54BB00965422 /* ButtonStyles.swift in Sources */ = {isa = PBXBuildFile; fileRef = 66F506B6299F54BB00965422 /* ButtonStyles.swift */; };
		66F506C8299F54BB00965422 /* GlobalDataComponent.swift in Sources */ = {isa = PBXBuildFile; fileRef = 66F506B8299F54BB00965422 /* GlobalDataComponent.swift */; };
		66F506C9299F54BB00965422 /* NodeSpawnerComponent.swift in Sources */ = {isa = PBXBuildFile; fileRef = 66F506B9299F54BB00965422 /* NodeSpawnerComponent.swift */; };
		66F506CA299F54BB00965422 /* TitleEffectsComponent.swift in Sources */ = {isa = PBXBuildFile; fileRef = 66F506BA299F54BB00965422 /* TitleEffectsComponent.swift */; };
		66F506CB299F54BB00965422 /* 1 - OctopusKitQuickStartView.swift in Sources */ = {isa = PBXBuildFile; fileRef = 66F506BB299F54BB00965422 /* 1 - OctopusKitQuickStartView.swift */; };
		66F506CC299F54BB00965422 /* 3 - MyGameViewController.swift in Sources */ = {isa = PBXBuildFile; fileRef = 66F506BC299F54BB00965422 /* 3 - MyGameViewController.swift */; };
		66F506CD299F54BB00965422 /* 2 - MyGameCoordinator.swift in Sources */ = {isa = PBXBuildFile; fileRef = 66F506BD299F54BB00965422 /* 2 - MyGameCoordinator.swift */; };
/* End PBXBuildFile section */

/* Begin PBXFileReference section */
		6602F06E29AD7CB0004DFFD2 /* ComponentListView.swift */ = {isa = PBXFileReference; lastKnownFileType = sourcecode.swift; path = ComponentListView.swift; sourceTree = "<group>"; };
		6602F07029AD7CFD004DFFD2 /* SideBarHeader.swift */ = {isa = PBXFileReference; lastKnownFileType = sourcecode.swift; path = SideBarHeader.swift; sourceTree = "<group>"; };
		6602F07229AD7D39004DFFD2 /* ComponentListItem.swift */ = {isa = PBXFileReference; lastKnownFileType = sourcecode.swift; path = ComponentListItem.swift; sourceTree = "<group>"; };
		6602F07429AD95FF004DFFD2 /* FrictionInspectorView.swift */ = {isa = PBXFileReference; lastKnownFileType = sourcecode.swift; path = FrictionInspectorView.swift; sourceTree = "<group>"; };
		6602F07629AD9653004DFFD2 /* FrictionSceneComponentModel.swift */ = {isa = PBXFileReference; lastKnownFileType = sourcecode.swift; path = FrictionSceneComponentModel.swift; sourceTree = "<group>"; };
		663348DB299F4E350051C24B /* ArcadeKit.app */ = {isa = PBXFileReference; explicitFileType = wrapper.application; includeInIndex = 0; path = ArcadeKit.app; sourceTree = BUILT_PRODUCTS_DIR; };
		663348DE299F4E350051C24B /* ArcadeKitApp.swift */ = {isa = PBXFileReference; lastKnownFileType = sourcecode.swift; path = ArcadeKitApp.swift; sourceTree = "<group>"; };
		663348E0299F4E350051C24B /* GameEditorView.swift */ = {isa = PBXFileReference; lastKnownFileType = sourcecode.swift; path = GameEditorView.swift; sourceTree = "<group>"; tabWidth = 5; usesTabs = 0; };
		663348E2299F4E360051C24B /* Assets.xcassets */ = {isa = PBXFileReference; lastKnownFileType = folder.assetcatalog; path = Assets.xcassets; sourceTree = "<group>"; };
		663348E4299F4E360051C24B /* ArcadeKit.entitlements */ = {isa = PBXFileReference; lastKnownFileType = text.plist.entitlements; path = ArcadeKit.entitlements; sourceTree = "<group>"; };
		663348E6299F4E360051C24B /* Preview Assets.xcassets */ = {isa = PBXFileReference; lastKnownFileType = folder.assetcatalog; path = "Preview Assets.xcassets"; sourceTree = "<group>"; };
		663EFC1129A75CE100BE5004 /* ComponentTest.swift */ = {isa = PBXFileReference; lastKnownFileType = sourcecode.swift; path = ComponentTest.swift; sourceTree = "<group>"; };
		663EFC1429A77F9F00BE5004 /* EmojiNodeSpawnerComponet.swift */ = {isa = PBXFileReference; lastKnownFileType = sourcecode.swift; path = EmojiNodeSpawnerComponet.swift; sourceTree = "<group>"; };
		663EFC1629A77FDB00BE5004 /* Entity.swift */ = {isa = PBXFileReference; lastKnownFileType = sourcecode.swift; path = Entity.swift; sourceTree = "<group>"; };
		663EFC1829A77FF700BE5004 /* PrimaryPointerEventComponent.swift */ = {isa = PBXFileReference; lastKnownFileType = sourcecode.swift; path = PrimaryPointerEventComponent.swift; sourceTree = "<group>"; };
		663EFC1A29A7804000BE5004 /* SpriteComponent.swift */ = {isa = PBXFileReference; lastKnownFileType = sourcecode.swift; path = SpriteComponent.swift; sourceTree = "<group>"; };
		6693388829A616B8005AF692 /* GameScene.swift */ = {isa = PBXFileReference; lastKnownFileType = sourcecode.swift; path = GameScene.swift; sourceTree = "<group>"; };
		6693388D29A61801005AF692 /* Constants.swift */ = {isa = PBXFileReference; lastKnownFileType = sourcecode.swift; path = Constants.swift; sourceTree = "<group>"; };
		6693388F29A6185C005AF692 /* SceneSetting.swift */ = {isa = PBXFileReference; lastKnownFileType = sourcecode.swift; path = SceneSetting.swift; sourceTree = "<group>"; };
		6693389129A6190E005AF692 /* StepperTextFieldView.swift */ = {isa = PBXFileReference; lastKnownFileType = sourcecode.swift; path = StepperTextFieldView.swift; sourceTree = "<group>"; };
		6693389629A626C9005AF692 /* SwiftUI+Ext.swift */ = {isa = PBXFileReference; lastKnownFileType = sourcecode.swift; path = "SwiftUI+Ext.swift"; sourceTree = "<group>"; };
		6693389829A63956005AF692 /* SidebarView.swift */ = {isa = PBXFileReference; lastKnownFileType = sourcecode.swift; path = SidebarView.swift; sourceTree = "<group>"; };
		66B75E7029AC78F700F12976 /* BackgroundColorSchemeSceneComponent.swift */ = {isa = PBXFileReference; lastKnownFileType = sourcecode.swift; path = BackgroundColorSchemeSceneComponent.swift; sourceTree = "<group>"; };
		66B75E7229AC7BCA00F12976 /* GravityInspectorView.swift */ = {isa = PBXFileReference; lastKnownFileType = sourcecode.swift; path = GravityInspectorView.swift; sourceTree = "<group>"; };
		66B75E7429AC7C5600F12976 /* GravitySceneComponentModel.swift */ = {isa = PBXFileReference; lastKnownFileType = sourcecode.swift; path = GravitySceneComponentModel.swift; sourceTree = "<group>"; };
		66BC168A29AAD59800DE7FAE /* PhysicsBodySceneComponentModel.swift */ = {isa = PBXFileReference; lastKnownFileType = sourcecode.swift; path = PhysicsBodySceneComponentModel.swift; sourceTree = "<group>"; };
		66BC168D29AB04F300DE7FAE /* PhysicBodyInspectorView.swift */ = {isa = PBXFileReference; lastKnownFileType = sourcecode.swift; path = PhysicBodyInspectorView.swift; sourceTree = "<group>"; };
		66DA1D6029AB679C009C082B /* MyScene.sks */ = {isa = PBXFileReference; lastKnownFileType = file.sks; path = MyScene.sks; sourceTree = "<group>"; };
		66F506A8299F54BB00965422 /* 6B - PlayScene.swift */ = {isa = PBXFileReference; fileEncoding = 4; lastKnownFileType = sourcecode.swift; path = "6B - PlayScene.swift"; sourceTree = "<group>"; };
		66F506A9299F54BB00965422 /* 6A - PlayState.swift */ = {isa = PBXFileReference; fileEncoding = 4; lastKnownFileType = sourcecode.swift; path = "6A - PlayState.swift"; sourceTree = "<group>"; };
		66F506AA299F54BB00965422 /* 6C - PlayUI.swift */ = {isa = PBXFileReference; fileEncoding = 4; lastKnownFileType = sourcecode.swift; path = "6C - PlayUI.swift"; sourceTree = "<group>"; };
		66F506AC299F54BB00965422 /* 7 - PausedState.swift */ = {isa = PBXFileReference; fileEncoding = 4; lastKnownFileType = sourcecode.swift; path = "7 - PausedState.swift"; sourceTree = "<group>"; };
		66F506AE299F54BB00965422 /* 5C - TitleUI.swift */ = {isa = PBXFileReference; fileEncoding = 4; lastKnownFileType = sourcecode.swift; path = "5C - TitleUI.swift"; sourceTree = "<group>"; };
		66F506AF299F54BB00965422 /* 5B - TitleScene.swift */ = {isa = PBXFileReference; fileEncoding = 4; lastKnownFileType = sourcecode.swift; path = "5B - TitleScene.swift"; sourceTree = "<group>"; };
		66F506B0299F54BB00965422 /* 5A - TitleState.swift */ = {isa = PBXFileReference; fileEncoding = 4; lastKnownFileType = sourcecode.swift; path = "5A - TitleState.swift"; sourceTree = "<group>"; };
		66F506B2299F54BB00965422 /* 4 - LogoState.swift */ = {isa = PBXFileReference; fileEncoding = 4; lastKnownFileType = sourcecode.swift; path = "4 - LogoState.swift"; sourceTree = "<group>"; };
		66F506B4299F54BB00965422 /* 8 - GameOverState.swift */ = {isa = PBXFileReference; fileEncoding = 4; lastKnownFileType = sourcecode.swift; path = "8 - GameOverState.swift"; sourceTree = "<group>"; };
		66F506B6299F54BB00965422 /* ButtonStyles.swift */ = {isa = PBXFileReference; fileEncoding = 4; lastKnownFileType = sourcecode.swift; path = ButtonStyles.swift; sourceTree = "<group>"; };
		66F506B8299F54BB00965422 /* GlobalDataComponent.swift */ = {isa = PBXFileReference; fileEncoding = 4; lastKnownFileType = sourcecode.swift; path = GlobalDataComponent.swift; sourceTree = "<group>"; };
		66F506B9299F54BB00965422 /* NodeSpawnerComponent.swift */ = {isa = PBXFileReference; fileEncoding = 4; lastKnownFileType = sourcecode.swift; path = NodeSpawnerComponent.swift; sourceTree = "<group>"; };
		66F506BA299F54BB00965422 /* TitleEffectsComponent.swift */ = {isa = PBXFileReference; fileEncoding = 4; lastKnownFileType = sourcecode.swift; path = TitleEffectsComponent.swift; sourceTree = "<group>"; };
		66F506BB299F54BB00965422 /* 1 - OctopusKitQuickStartView.swift */ = {isa = PBXFileReference; fileEncoding = 4; lastKnownFileType = sourcecode.swift; path = "1 - OctopusKitQuickStartView.swift"; sourceTree = "<group>"; };
		66F506BC299F54BB00965422 /* 3 - MyGameViewController.swift */ = {isa = PBXFileReference; fileEncoding = 4; lastKnownFileType = sourcecode.swift; path = "3 - MyGameViewController.swift"; sourceTree = "<group>"; };
		66F506BD299F54BB00965422 /* 2 - MyGameCoordinator.swift */ = {isa = PBXFileReference; fileEncoding = 4; lastKnownFileType = sourcecode.swift; path = "2 - MyGameCoordinator.swift"; sourceTree = "<group>"; };
/* End PBXFileReference section */

/* Begin PBXFrameworksBuildPhase section */
		663348D8299F4E350051C24B /* Frameworks */ = {
			isa = PBXFrameworksBuildPhase;
			buildActionMask = 2147483647;
			files = (
				66341612299F4FC300738FB9 /* OctopusKit in Frameworks */,
			);
			runOnlyForDeploymentPostprocessing = 0;
		};
/* End PBXFrameworksBuildPhase section */

/* Begin PBXGroup section */
		663348D2299F4E350051C24B = {
			isa = PBXGroup;
			children = (
				663348DD299F4E350051C24B /* ArcadeKit */,
				663348DC299F4E350051C24B /* Products */,
			);
			sourceTree = "<group>";
		};
		663348DC299F4E350051C24B /* Products */ = {
			isa = PBXGroup;
			children = (
				663348DB299F4E350051C24B /* ArcadeKit.app */,
			);
			name = Products;
			sourceTree = "<group>";
		};
		663348DD299F4E350051C24B /* ArcadeKit */ = {
			isa = PBXGroup;
			children = (
				6693388329A615D1005AF692 /* Views */,
				6693388429A615E2005AF692 /* Models */,
				6693389529A61FB2005AF692 /* Components */,
				6693388729A6166F005AF692 /* Scenes */,
				6693389429A61FA9005AF692 /* Entities */,
				6693388C29A617EA005AF692 /* Utilities */,
				6693388529A615FE005AF692 /* Extensions */,
				6693388A29A616DF005AF692 /* Testground */,
				663348DE299F4E350051C24B /* ArcadeKitApp.swift */,
				663348E2299F4E360051C24B /* Assets.xcassets */,
				663348E4299F4E360051C24B /* ArcadeKit.entitlements */,
				663348E5299F4E360051C24B /* Preview Content */,
			);
			path = ArcadeKit;
			sourceTree = "<group>";
		};
		663348E5299F4E360051C24B /* Preview Content */ = {
			isa = PBXGroup;
			children = (
				663348E6299F4E360051C24B /* Preview Assets.xcassets */,
			);
			path = "Preview Content";
			sourceTree = "<group>";
		};
		663EFC1329A75D1100BE5004 /* Exclusions */ = {
			isa = PBXGroup;
			children = (
				663EFC1129A75CE100BE5004 /* ComponentTest.swift */,
			);
			path = Exclusions;
			sourceTree = "<group>";
		};
		6693388329A615D1005AF692 /* Views */ = {
			isa = PBXGroup;
			children = (
				663348E0299F4E350051C24B /* GameEditorView.swift */,
				6693389829A63956005AF692 /* SidebarView.swift */,
				6602F06E29AD7CB0004DFFD2 /* ComponentListView.swift */,
				66BC168C29AB04D800DE7FAE /* Inspector Views */,
				6693388629A61619005AF692 /* Custom Views */,
			);
			path = Views;
			sourceTree = "<group>";
		};
		6693388429A615E2005AF692 /* Models */ = {
			isa = PBXGroup;
			children = (
				6693388F29A6185C005AF692 /* SceneSetting.swift */,
			);
			path = Models;
			sourceTree = "<group>";
		};
		6693388529A615FE005AF692 /* Extensions */ = {
			isa = PBXGroup;
			children = (
				6693389629A626C9005AF692 /* SwiftUI+Ext.swift */,
			);
			path = Extensions;
			sourceTree = "<group>";
		};
		6693388629A61619005AF692 /* Custom Views */ = {
			isa = PBXGroup;
			children = (
				6693389129A6190E005AF692 /* StepperTextFieldView.swift */,
				6602F07029AD7CFD004DFFD2 /* SideBarHeader.swift */,
				6602F07229AD7D39004DFFD2 /* ComponentListItem.swift */,
			);
			path = "Custom Views";
			sourceTree = "<group>";
		};
		6693388729A6166F005AF692 /* Scenes */ = {
			isa = PBXGroup;
			children = (
				6693388829A616B8005AF692 /* GameScene.swift */,
			);
			path = Scenes;
			sourceTree = "<group>";
		};
		6693388A29A616DF005AF692 /* Testground */ = {
			isa = PBXGroup;
			children = (
				6693388B29A616F6005AF692 /* Yuhao */,
			);
			path = Testground;
			sourceTree = "<group>";
		};
		6693388B29A616F6005AF692 /* Yuhao */ = {
			isa = PBXGroup;
			children = (
				663EFC1329A75D1100BE5004 /* Exclusions */,
				66F506A5299F54BB00965422 /* OK QuickStart */,
				66DA1D6029AB679C009C082B /* MyScene.sks */,
			);
			path = Yuhao;
			sourceTree = "<group>";
		};
		6693388C29A617EA005AF692 /* Utilities */ = {
			isa = PBXGroup;
			children = (
				6693388D29A61801005AF692 /* Constants.swift */,
			);
			path = Utilities;
			sourceTree = "<group>";
		};
		6693389429A61FA9005AF692 /* Entities */ = {
			isa = PBXGroup;
			children = (
				663EFC1629A77FDB00BE5004 /* Entity.swift */,
			);
			path = Entities;
			sourceTree = "<group>";
		};
		6693389529A61FB2005AF692 /* Components */ = {
			isa = PBXGroup;
			children = (
				66B75E7029AC78F700F12976 /* BackgroundColorSchemeSceneComponent.swift */,
				66B75E7429AC7C5600F12976 /* GravitySceneComponentModel.swift */,
				6602F07629AD9653004DFFD2 /* FrictionSceneComponentModel.swift */,
				663EFC1429A77F9F00BE5004 /* EmojiNodeSpawnerComponet.swift */,
				663EFC1829A77FF700BE5004 /* PrimaryPointerEventComponent.swift */,
				663EFC1A29A7804000BE5004 /* SpriteComponent.swift */,
				66BC168A29AAD59800DE7FAE /* PhysicsBodySceneComponentModel.swift */,
			);
			path = Components;
			sourceTree = "<group>";
		};
		66BC168C29AB04D800DE7FAE /* Inspector Views */ = {
			isa = PBXGroup;
			children = (
				66BC168D29AB04F300DE7FAE /* PhysicBodyInspectorView.swift */,
				66B75E7229AC7BCA00F12976 /* GravityInspectorView.swift */,
				6602F07429AD95FF004DFFD2 /* FrictionInspectorView.swift */,
			);
			path = "Inspector Views";
			sourceTree = "<group>";
		};
		66F506A5299F54BB00965422 /* OK QuickStart */ = {
			isa = PBXGroup;
			children = (
				66F506A6299F54BB00965422 /* Game States */,
				66F506B5299F54BB00965422 /* Shared UI */,
				66F506B7299F54BB00965422 /* Components */,
				66F506BB299F54BB00965422 /* 1 - OctopusKitQuickStartView.swift */,
				66F506BC299F54BB00965422 /* 3 - MyGameViewController.swift */,
				66F506BD299F54BB00965422 /* 2 - MyGameCoordinator.swift */,
			);
			path = "OK QuickStart";
			sourceTree = "<group>";
		};
		66F506A6299F54BB00965422 /* Game States */ = {
			isa = PBXGroup;
			children = (
				66F506A7299F54BB00965422 /* 6 - PlayState */,
				66F506AB299F54BB00965422 /* 7 - PausedState */,
				66F506AD299F54BB00965422 /* 5 - TitleState */,
				66F506B1299F54BB00965422 /* 4 - LogoState */,
				66F506B3299F54BB00965422 /* 8 - GameOverState */,
			);
			path = "Game States";
			sourceTree = "<group>";
		};
		66F506A7299F54BB00965422 /* 6 - PlayState */ = {
			isa = PBXGroup;
			children = (
				66F506A8299F54BB00965422 /* 6B - PlayScene.swift */,
				66F506A9299F54BB00965422 /* 6A - PlayState.swift */,
				66F506AA299F54BB00965422 /* 6C - PlayUI.swift */,
			);
			path = "6 - PlayState";
			sourceTree = "<group>";
		};
		66F506AB299F54BB00965422 /* 7 - PausedState */ = {
			isa = PBXGroup;
			children = (
				66F506AC299F54BB00965422 /* 7 - PausedState.swift */,
			);
			path = "7 - PausedState";
			sourceTree = "<group>";
		};
		66F506AD299F54BB00965422 /* 5 - TitleState */ = {
			isa = PBXGroup;
			children = (
				66F506AE299F54BB00965422 /* 5C - TitleUI.swift */,
				66F506AF299F54BB00965422 /* 5B - TitleScene.swift */,
				66F506B0299F54BB00965422 /* 5A - TitleState.swift */,
			);
			path = "5 - TitleState";
			sourceTree = "<group>";
		};
		66F506B1299F54BB00965422 /* 4 - LogoState */ = {
			isa = PBXGroup;
			children = (
				66F506B2299F54BB00965422 /* 4 - LogoState.swift */,
			);
			path = "4 - LogoState";
			sourceTree = "<group>";
		};
		66F506B3299F54BB00965422 /* 8 - GameOverState */ = {
			isa = PBXGroup;
			children = (
				66F506B4299F54BB00965422 /* 8 - GameOverState.swift */,
			);
			path = "8 - GameOverState";
			sourceTree = "<group>";
		};
		66F506B5299F54BB00965422 /* Shared UI */ = {
			isa = PBXGroup;
			children = (
				66F506B6299F54BB00965422 /* ButtonStyles.swift */,
			);
			path = "Shared UI";
			sourceTree = "<group>";
		};
		66F506B7299F54BB00965422 /* Components */ = {
			isa = PBXGroup;
			children = (
				66F506B8299F54BB00965422 /* GlobalDataComponent.swift */,
				66F506B9299F54BB00965422 /* NodeSpawnerComponent.swift */,
				66F506BA299F54BB00965422 /* TitleEffectsComponent.swift */,
			);
			path = Components;
			sourceTree = "<group>";
		};
/* End PBXGroup section */

/* Begin PBXNativeTarget section */
		663348DA299F4E350051C24B /* ArcadeKit */ = {
			isa = PBXNativeTarget;
			buildConfigurationList = 663348EA299F4E360051C24B /* Build configuration list for PBXNativeTarget "ArcadeKit" */;
			buildPhases = (
				663348D7299F4E350051C24B /* Sources */,
				663348D8299F4E350051C24B /* Frameworks */,
				663348D9299F4E350051C24B /* Resources */,
			);
			buildRules = (
			);
			dependencies = (
			);
			name = ArcadeKit;
			packageProductDependencies = (
				66341611299F4FC300738FB9 /* OctopusKit */,
			);
			productName = ArcadeKit;
			productReference = 663348DB299F4E350051C24B /* ArcadeKit.app */;
			productType = "com.apple.product-type.application";
		};
/* End PBXNativeTarget section */

/* Begin PBXProject section */
		663348D3299F4E350051C24B /* Project object */ = {
			isa = PBXProject;
			attributes = {
				BuildIndependentTargetsInParallel = 1;
				LastSwiftUpdateCheck = 1420;
				LastUpgradeCheck = 1420;
				TargetAttributes = {
					663348DA299F4E350051C24B = {
						CreatedOnToolsVersion = 14.2;
					};
				};
			};
			buildConfigurationList = 663348D6299F4E350051C24B /* Build configuration list for PBXProject "ArcadeKit" */;
			compatibilityVersion = "Xcode 14.0";
			developmentRegion = en;
			hasScannedForEncodings = 0;
			knownRegions = (
				en,
				Base,
			);
			mainGroup = 663348D2299F4E350051C24B;
			packageReferences = (
				66341610299F4FC300738FB9 /* XCRemoteSwiftPackageReference "octopuskit" */,
			);
			productRefGroup = 663348DC299F4E350051C24B /* Products */;
			projectDirPath = "";
			projectRoot = "";
			targets = (
				663348DA299F4E350051C24B /* ArcadeKit */,
			);
		};
/* End PBXProject section */

/* Begin PBXResourcesBuildPhase section */
		663348D9299F4E350051C24B /* Resources */ = {
			isa = PBXResourcesBuildPhase;
			buildActionMask = 2147483647;
			files = (
				663348E7299F4E360051C24B /* Preview Assets.xcassets in Resources */,
				66DA1D6129AB679C009C082B /* MyScene.sks in Resources */,
				663348E3299F4E360051C24B /* Assets.xcassets in Resources */,
			);
			runOnlyForDeploymentPostprocessing = 0;
		};
/* End PBXResourcesBuildPhase section */

/* Begin PBXSourcesBuildPhase section */
		663348D7299F4E350051C24B /* Sources */ = {
			isa = PBXSourcesBuildPhase;
			buildActionMask = 2147483647;
			files = (
				6693389229A6190E005AF692 /* StepperTextFieldView.swift in Sources */,
				66F506CA299F54BB00965422 /* TitleEffectsComponent.swift in Sources */,
				6693389729A626C9005AF692 /* SwiftUI+Ext.swift in Sources */,
				6693388929A616B8005AF692 /* GameScene.swift in Sources */,
				663348E1299F4E350051C24B /* GameEditorView.swift in Sources */,
				66F506C7299F54BB00965422 /* ButtonStyles.swift in Sources */,
				6602F07329AD7D39004DFFD2 /* ComponentListItem.swift in Sources */,
				66F506CD299F54BB00965422 /* 2 - MyGameCoordinator.swift in Sources */,
				66BC168E29AB04F300DE7FAE /* PhysicBodyInspectorView.swift in Sources */,
				66F506C5299F54BB00965422 /* 4 - LogoState.swift in Sources */,
				6602F07529AD9600004DFFD2 /* FrictionInspectorView.swift in Sources */,
				663348DF299F4E350051C24B /* ArcadeKitApp.swift in Sources */,
				6602F06F29AD7CB0004DFFD2 /* ComponentListView.swift in Sources */,
				6602F07729AD9653004DFFD2 /* FrictionSceneComponentModel.swift in Sources */,
				6693389929A63956005AF692 /* SidebarView.swift in Sources */,
				66F506C0299F54BB00965422 /* 6C - PlayUI.swift in Sources */,
				663EFC1929A77FF700BE5004 /* PrimaryPointerEventComponent.swift in Sources */,
				66F506BF299F54BB00965422 /* 6A - PlayState.swift in Sources */,
				66F506C3299F54BB00965422 /* 5B - TitleScene.swift in Sources */,
				66F506C6299F54BB00965422 /* 8 - GameOverState.swift in Sources */,
				66BC168B29AAD59800DE7FAE /* PhysicsBodySceneComponentModel.swift in Sources */,
				66F506C8299F54BB00965422 /* GlobalDataComponent.swift in Sources */,
				66F506BE299F54BB00965422 /* 6B - PlayScene.swift in Sources */,
				663EFC1B29A7804000BE5004 /* SpriteComponent.swift in Sources */,
				6693389029A6185C005AF692 /* SceneSetting.swift in Sources */,
				66B75E7329AC7BCA00F12976 /* GravityInspectorView.swift in Sources */,
				663EFC1229A75CE100BE5004 /* ComponentTest.swift in Sources */,
				66F506C4299F54BB00965422 /* 5A - TitleState.swift in Sources */,
				66B75E7529AC7C5600F12976 /* GravitySceneComponentModel.swift in Sources */,
				66F506C1299F54BB00965422 /* 7 - PausedState.swift in Sources */,
				6693388E29A61801005AF692 /* Constants.swift in Sources */,
				66B75E7129AC78F700F12976 /* BackgroundColorSchemeSceneComponent.swift in Sources */,
				66F506CC299F54BB00965422 /* 3 - MyGameViewController.swift in Sources */,
				663EFC1529A77F9F00BE5004 /* EmojiNodeSpawnerComponet.swift in Sources */,
				663EFC1729A77FDB00BE5004 /* Entity.swift in Sources */,
				66F506C9299F54BB00965422 /* NodeSpawnerComponent.swift in Sources */,
				6602F07129AD7CFD004DFFD2 /* SideBarHeader.swift in Sources */,
				66F506CB299F54BB00965422 /* 1 - OctopusKitQuickStartView.swift in Sources */,
				66F506C2299F54BB00965422 /* 5C - TitleUI.swift in Sources */,
			);
			runOnlyForDeploymentPostprocessing = 0;
		};
/* End PBXSourcesBuildPhase section */

/* Begin XCBuildConfiguration section */
		663348E8299F4E360051C24B /* Debug */ = {
			isa = XCBuildConfiguration;
			buildSettings = {
				ALWAYS_SEARCH_USER_PATHS = NO;
				CLANG_ANALYZER_NONNULL = YES;
				CLANG_ANALYZER_NUMBER_OBJECT_CONVERSION = YES_AGGRESSIVE;
				CLANG_CXX_LANGUAGE_STANDARD = "gnu++20";
				CLANG_ENABLE_MODULES = YES;
				CLANG_ENABLE_OBJC_ARC = YES;
				CLANG_ENABLE_OBJC_WEAK = YES;
				CLANG_WARN_BLOCK_CAPTURE_AUTORELEASING = YES;
				CLANG_WARN_BOOL_CONVERSION = YES;
				CLANG_WARN_COMMA = YES;
				CLANG_WARN_CONSTANT_CONVERSION = YES;
				CLANG_WARN_DEPRECATED_OBJC_IMPLEMENTATIONS = YES;
				CLANG_WARN_DIRECT_OBJC_ISA_USAGE = YES_ERROR;
				CLANG_WARN_DOCUMENTATION_COMMENTS = YES;
				CLANG_WARN_EMPTY_BODY = YES;
				CLANG_WARN_ENUM_CONVERSION = YES;
				CLANG_WARN_INFINITE_RECURSION = YES;
				CLANG_WARN_INT_CONVERSION = YES;
				CLANG_WARN_NON_LITERAL_NULL_CONVERSION = YES;
				CLANG_WARN_OBJC_IMPLICIT_RETAIN_SELF = YES;
				CLANG_WARN_OBJC_LITERAL_CONVERSION = YES;
				CLANG_WARN_OBJC_ROOT_CLASS = YES_ERROR;
				CLANG_WARN_QUOTED_INCLUDE_IN_FRAMEWORK_HEADER = YES;
				CLANG_WARN_RANGE_LOOP_ANALYSIS = YES;
				CLANG_WARN_STRICT_PROTOTYPES = YES;
				CLANG_WARN_SUSPICIOUS_MOVE = YES;
				CLANG_WARN_UNGUARDED_AVAILABILITY = YES_AGGRESSIVE;
				CLANG_WARN_UNREACHABLE_CODE = YES;
				CLANG_WARN__DUPLICATE_METHOD_MATCH = YES;
				COPY_PHASE_STRIP = NO;
				DEBUG_INFORMATION_FORMAT = dwarf;
				ENABLE_STRICT_OBJC_MSGSEND = YES;
				ENABLE_TESTABILITY = YES;
				GCC_C_LANGUAGE_STANDARD = gnu11;
				GCC_DYNAMIC_NO_PIC = NO;
				GCC_NO_COMMON_BLOCKS = YES;
				GCC_OPTIMIZATION_LEVEL = 0;
				GCC_PREPROCESSOR_DEFINITIONS = (
					"DEBUG=1",
					"$(inherited)",
				);
				GCC_WARN_64_TO_32_BIT_CONVERSION = YES;
				GCC_WARN_ABOUT_RETURN_TYPE = YES_ERROR;
				GCC_WARN_UNDECLARED_SELECTOR = YES;
				GCC_WARN_UNINITIALIZED_AUTOS = YES_AGGRESSIVE;
				GCC_WARN_UNUSED_FUNCTION = YES;
				GCC_WARN_UNUSED_VARIABLE = YES;
				MTL_ENABLE_DEBUG_INFO = INCLUDE_SOURCE;
				MTL_FAST_MATH = YES;
				ONLY_ACTIVE_ARCH = YES;
				SWIFT_ACTIVE_COMPILATION_CONDITIONS = DEBUG;
				SWIFT_OPTIMIZATION_LEVEL = "-Onone";
			};
			name = Debug;
		};
		663348E9299F4E360051C24B /* Release */ = {
			isa = XCBuildConfiguration;
			buildSettings = {
				ALWAYS_SEARCH_USER_PATHS = NO;
				CLANG_ANALYZER_NONNULL = YES;
				CLANG_ANALYZER_NUMBER_OBJECT_CONVERSION = YES_AGGRESSIVE;
				CLANG_CXX_LANGUAGE_STANDARD = "gnu++20";
				CLANG_ENABLE_MODULES = YES;
				CLANG_ENABLE_OBJC_ARC = YES;
				CLANG_ENABLE_OBJC_WEAK = YES;
				CLANG_WARN_BLOCK_CAPTURE_AUTORELEASING = YES;
				CLANG_WARN_BOOL_CONVERSION = YES;
				CLANG_WARN_COMMA = YES;
				CLANG_WARN_CONSTANT_CONVERSION = YES;
				CLANG_WARN_DEPRECATED_OBJC_IMPLEMENTATIONS = YES;
				CLANG_WARN_DIRECT_OBJC_ISA_USAGE = YES_ERROR;
				CLANG_WARN_DOCUMENTATION_COMMENTS = YES;
				CLANG_WARN_EMPTY_BODY = YES;
				CLANG_WARN_ENUM_CONVERSION = YES;
				CLANG_WARN_INFINITE_RECURSION = YES;
				CLANG_WARN_INT_CONVERSION = YES;
				CLANG_WARN_NON_LITERAL_NULL_CONVERSION = YES;
				CLANG_WARN_OBJC_IMPLICIT_RETAIN_SELF = YES;
				CLANG_WARN_OBJC_LITERAL_CONVERSION = YES;
				CLANG_WARN_OBJC_ROOT_CLASS = YES_ERROR;
				CLANG_WARN_QUOTED_INCLUDE_IN_FRAMEWORK_HEADER = YES;
				CLANG_WARN_RANGE_LOOP_ANALYSIS = YES;
				CLANG_WARN_STRICT_PROTOTYPES = YES;
				CLANG_WARN_SUSPICIOUS_MOVE = YES;
				CLANG_WARN_UNGUARDED_AVAILABILITY = YES_AGGRESSIVE;
				CLANG_WARN_UNREACHABLE_CODE = YES;
				CLANG_WARN__DUPLICATE_METHOD_MATCH = YES;
				COPY_PHASE_STRIP = NO;
				DEBUG_INFORMATION_FORMAT = "dwarf-with-dsym";
				ENABLE_NS_ASSERTIONS = NO;
				ENABLE_STRICT_OBJC_MSGSEND = YES;
				GCC_C_LANGUAGE_STANDARD = gnu11;
				GCC_NO_COMMON_BLOCKS = YES;
				GCC_WARN_64_TO_32_BIT_CONVERSION = YES;
				GCC_WARN_ABOUT_RETURN_TYPE = YES_ERROR;
				GCC_WARN_UNDECLARED_SELECTOR = YES;
				GCC_WARN_UNINITIALIZED_AUTOS = YES_AGGRESSIVE;
				GCC_WARN_UNUSED_FUNCTION = YES;
				GCC_WARN_UNUSED_VARIABLE = YES;
				MTL_ENABLE_DEBUG_INFO = NO;
				MTL_FAST_MATH = YES;
				SWIFT_COMPILATION_MODE = wholemodule;
				SWIFT_OPTIMIZATION_LEVEL = "-O";
			};
			name = Release;
		};
		663348EB299F4E360051C24B /* Debug */ = {
			isa = XCBuildConfiguration;
			buildSettings = {
				ASSETCATALOG_COMPILER_APPICON_NAME = AppIcon;
				ASSETCATALOG_COMPILER_GLOBAL_ACCENT_COLOR_NAME = AccentColor;
				CODE_SIGN_ENTITLEMENTS = ArcadeKit/ArcadeKit.entitlements;
				CODE_SIGN_STYLE = Automatic;
				CURRENT_PROJECT_VERSION = 1;
				DEVELOPMENT_ASSET_PATHS = "\"ArcadeKit/Preview Content\"";
				DEVELOPMENT_TEAM = 52JMW2697M;
				ENABLE_HARDENED_RUNTIME = YES;
				ENABLE_PREVIEWS = YES;
				EXCLUDED_SOURCE_FILE_NAMES = "/Testground/Exclusions/*";
				GENERATE_INFOPLIST_FILE = YES;
				"INFOPLIST_KEY_UIApplicationSceneManifest_Generation[sdk=iphoneos*]" = YES;
				"INFOPLIST_KEY_UIApplicationSceneManifest_Generation[sdk=iphonesimulator*]" = YES;
				"INFOPLIST_KEY_UIApplicationSupportsIndirectInputEvents[sdk=iphoneos*]" = YES;
				"INFOPLIST_KEY_UIApplicationSupportsIndirectInputEvents[sdk=iphonesimulator*]" = YES;
				"INFOPLIST_KEY_UILaunchScreen_Generation[sdk=iphoneos*]" = YES;
				"INFOPLIST_KEY_UILaunchScreen_Generation[sdk=iphonesimulator*]" = YES;
				"INFOPLIST_KEY_UIStatusBarStyle[sdk=iphoneos*]" = UIStatusBarStyleDefault;
				"INFOPLIST_KEY_UIStatusBarStyle[sdk=iphonesimulator*]" = UIStatusBarStyleDefault;
				INFOPLIST_KEY_UISupportedInterfaceOrientations_iPad = "UIInterfaceOrientationPortrait UIInterfaceOrientationPortraitUpsideDown UIInterfaceOrientationLandscapeLeft UIInterfaceOrientationLandscapeRight";
				INFOPLIST_KEY_UISupportedInterfaceOrientations_iPhone = "UIInterfaceOrientationPortrait UIInterfaceOrientationLandscapeLeft UIInterfaceOrientationLandscapeRight";
				IPHONEOS_DEPLOYMENT_TARGET = 16.2;
				LD_RUNPATH_SEARCH_PATHS = "@executable_path/Frameworks";
				"LD_RUNPATH_SEARCH_PATHS[sdk=macosx*]" = "@executable_path/../Frameworks";
				MACOSX_DEPLOYMENT_TARGET = 13.1;
				MARKETING_VERSION = 1.0;
				PRODUCT_BUNDLE_IDENTIFIER = me.chenyuhao.ArcadeKit;
				PRODUCT_NAME = "$(TARGET_NAME)";
				SDKROOT = auto;
				SUPPORTED_PLATFORMS = "iphoneos iphonesimulator macosx";
				SWIFT_EMIT_LOC_STRINGS = YES;
				SWIFT_VERSION = 5.0;
				TARGETED_DEVICE_FAMILY = "1,2";
			};
			name = Debug;
		};
		663348EC299F4E360051C24B /* Release */ = {
			isa = XCBuildConfiguration;
			buildSettings = {
				ASSETCATALOG_COMPILER_APPICON_NAME = AppIcon;
				ASSETCATALOG_COMPILER_GLOBAL_ACCENT_COLOR_NAME = AccentColor;
				CODE_SIGN_ENTITLEMENTS = ArcadeKit/ArcadeKit.entitlements;
				CODE_SIGN_STYLE = Automatic;
				CURRENT_PROJECT_VERSION = 1;
				DEVELOPMENT_ASSET_PATHS = "\"ArcadeKit/Preview Content\"";
				DEVELOPMENT_TEAM = 52JMW2697M;
				ENABLE_HARDENED_RUNTIME = YES;
				ENABLE_PREVIEWS = YES;
				EXCLUDED_SOURCE_FILE_NAMES = "/Testground/Exclusions/*";
				GENERATE_INFOPLIST_FILE = YES;
				"INFOPLIST_KEY_UIApplicationSceneManifest_Generation[sdk=iphoneos*]" = YES;
				"INFOPLIST_KEY_UIApplicationSceneManifest_Generation[sdk=iphonesimulator*]" = YES;
				"INFOPLIST_KEY_UIApplicationSupportsIndirectInputEvents[sdk=iphoneos*]" = YES;
				"INFOPLIST_KEY_UIApplicationSupportsIndirectInputEvents[sdk=iphonesimulator*]" = YES;
				"INFOPLIST_KEY_UILaunchScreen_Generation[sdk=iphoneos*]" = YES;
				"INFOPLIST_KEY_UILaunchScreen_Generation[sdk=iphonesimulator*]" = YES;
				"INFOPLIST_KEY_UIStatusBarStyle[sdk=iphoneos*]" = UIStatusBarStyleDefault;
				"INFOPLIST_KEY_UIStatusBarStyle[sdk=iphonesimulator*]" = UIStatusBarStyleDefault;
				INFOPLIST_KEY_UISupportedInterfaceOrientations_iPad = "UIInterfaceOrientationPortrait UIInterfaceOrientationPortraitUpsideDown UIInterfaceOrientationLandscapeLeft UIInterfaceOrientationLandscapeRight";
				INFOPLIST_KEY_UISupportedInterfaceOrientations_iPhone = "UIInterfaceOrientationPortrait UIInterfaceOrientationLandscapeLeft UIInterfaceOrientationLandscapeRight";
				IPHONEOS_DEPLOYMENT_TARGET = 16.2;
				LD_RUNPATH_SEARCH_PATHS = "@executable_path/Frameworks";
				"LD_RUNPATH_SEARCH_PATHS[sdk=macosx*]" = "@executable_path/../Frameworks";
				MACOSX_DEPLOYMENT_TARGET = 13.1;
				MARKETING_VERSION = 1.0;
				PRODUCT_BUNDLE_IDENTIFIER = me.chenyuhao.ArcadeKit;
				PRODUCT_NAME = "$(TARGET_NAME)";
				SDKROOT = auto;
				SUPPORTED_PLATFORMS = "iphoneos iphonesimulator macosx";
				SWIFT_EMIT_LOC_STRINGS = YES;
				SWIFT_VERSION = 5.0;
				TARGETED_DEVICE_FAMILY = "1,2";
			};
			name = Release;
		};
/* End XCBuildConfiguration section */

/* Begin XCConfigurationList section */
		663348D6299F4E350051C24B /* Build configuration list for PBXProject "ArcadeKit" */ = {
			isa = XCConfigurationList;
			buildConfigurations = (
				663348E8299F4E360051C24B /* Debug */,
				663348E9299F4E360051C24B /* Release */,
			);
			defaultConfigurationIsVisible = 0;
			defaultConfigurationName = Release;
		};
		663348EA299F4E360051C24B /* Build configuration list for PBXNativeTarget "ArcadeKit" */ = {
			isa = XCConfigurationList;
			buildConfigurations = (
				663348EB299F4E360051C24B /* Debug */,
				663348EC299F4E360051C24B /* Release */,
			);
			defaultConfigurationIsVisible = 0;
			defaultConfigurationName = Release;
		};
/* End XCConfigurationList section */

/* Begin XCRemoteSwiftPackageReference section */
		66341610299F4FC300738FB9 /* XCRemoteSwiftPackageReference "octopuskit" */ = {
			isa = XCRemoteSwiftPackageReference;
			repositoryURL = "https://github.com/InvadingOctopus/octopuskit";
			requirement = {
				kind = exactVersion;
				version = 3.2.0;
			};
		};
/* End XCRemoteSwiftPackageReference section */

/* Begin XCSwiftPackageProductDependency section */
		66341611299F4FC300738FB9 /* OctopusKit */ = {
			isa = XCSwiftPackageProductDependency;
			package = 66341610299F4FC300738FB9 /* XCRemoteSwiftPackageReference "octopuskit" */;
			productName = OctopusKit;
		};
/* End XCSwiftPackageProductDependency section */
	};
	rootObject = 663348D3299F4E350051C24B /* Project object */;
}
